
Microsoft Visual Studio Solution File, Format Version 12.00
# Visual Studio 15
VisualStudioVersion = 15.0.27703.2042
MinimumVisualStudioVersion = 10.0.40219.1
Project("{2150E333-8FDC-42A3-9474-1A3956D46DE8}") = "Source", "Source", "{1A2482BB-9793-4610-82EF-5BFE5605CD14}"
EndProject
Project("{8BC9CEB8-8B4A-11D0-8D11-00A0C91BC942}") = "XRF", "Source\XRF.vcxproj", "{0C36FE3F-5B7F-4837-B27D-8C34530DB3CA}"
EndProject
Global
	GlobalSection(SolutionConfigurationPlatforms) = preSolution
		Debug|x64 = Debug|x64
		Debug|x86 = Debug|x86
		Release|x64 = Release|x64
		Release|x86 = Release|x86
	EndGlobalSection
	GlobalSection(ProjectConfigurationPlatforms) = postSolution
		{0C36FE3F-5B7F-4837-B27D-8C34530DB3CA}.Debug|x64.ActiveCfg = Release|x64
		{0C36FE3F-5B7F-4837-B27D-8C34530DB3CA}.Debug|x64.Build.0 = Release|x64
		{0C36FE3F-5B7F-4837-B27D-8C34530DB3CA}.Debug|x86.ActiveCfg = Release|x64
		{0C36FE3F-5B7F-4837-B27D-8C34530DB3CA}.Debug|x86.Build.0 = Release|x64
		{0C36FE3F-5B7F-4837-B27D-8C34530DB3CA}.Release|x64.ActiveCfg = Release|x64
		{0C36FE3F-5B7F-4837-B27D-8C34530DB3CA}.Release|x64.Build.0 = Release|x64
		{0C36FE3F-5B7F-4837-B27D-8C34530DB3CA}.Release|x86.ActiveCfg = Release|x64
	EndGlobalSection
	GlobalSection(SolutionProperties) = preSolution
		HideSolutionNode = FALSE
	EndGlobalSection
	GlobalSection(NestedProjects) = preSolution
		{0C36FE3F-5B7F-4837-B27D-8C34530DB3CA} = {1A2482BB-9793-4610-82EF-5BFE5605CD14}
	EndGlobalSection
	GlobalSection(ExtensibilityGlobals) = postSolution
		SolutionGuid = {F68CD21C-769D-4F0A-A842-D9390DBBC23F}
	EndGlobalSection
EndGlobal
